// !$*UTF8*$!
{
	archiveVersion = 1;
	classes = {
	};
	objectVersion = 77;
	objects = {

/* Begin PBXBuildFile section */
		071881A12021FB821F1BC8C4 /* SteamStoreClient.swift in Sources */ = {isa = PBXBuildFile; fileRef = B22A1DE83F5FBF0A4004D88D /* SteamStoreClient.swift */; };
		0ADB1C9603F44951D9F03C48 /* DesignSystem.swift in Sources */ = {isa = PBXBuildFile; fileRef = CA713A95B53A14A4E5B8077A /* DesignSystem.swift */; };
		0B2BC150C8706A443968C56D /* StepFailure.swift in Sources */ = {isa = PBXBuildFile; fileRef = 9CD6F01B3FC167D2E4913CBA /* StepFailure.swift */; };
		0DE826FCF7922BF50EBFAE0C /* MainViewController.swift in Sources */ = {isa = PBXBuildFile; fileRef = 4C3B1CF8DCCC7E041C9A699D /* MainViewController.swift */; };
		0DF2544A2A562E04F001C975 /* PackageServer.swift in Sources */ = {isa = PBXBuildFile; fileRef = CF10CE7907305E518E936622 /* PackageServer.swift */; };
		11F50264AF1768A2596E5D58 /* GameReviewCell.swift in Sources */ = {isa = PBXBuildFile; fileRef = CBFF5425A91A8227C1E5C649 /* GameReviewCell.swift */; };
		1594B0225BA15CD36DD86019 /* ZipImporter.swift in Sources */ = {isa = PBXBuildFile; fileRef = 662D8C8E389091E1FEBC0285 /* ZipImporter.swift */; };
		16D29F8D4E92296162760498 /* UpdaterManager.swift in Sources */ = {isa = PBXBuildFile; fileRef = 0B35049B5E0AC70E90976A8E /* UpdaterManager.swift */; };
		1ED97326E624D8DF11E97EA8 /* SteamBundleInstaller.swift in Sources */ = {isa = PBXBuildFile; fileRef = DC29ED53A77D88C3772FE750 /* SteamBundleInstaller.swift */; };
		278FDA572C9F5AAC5B46DB17 /* AppCardListView.swift in Sources */ = {isa = PBXBuildFile; fileRef = 189DFCF8994448D9223DF875 /* AppCardListView.swift */; };
		39477E154A03C89EF9EA5042 /* Paths.swift in Sources */ = {isa = PBXBuildFile; fileRef = F69E282893128DA01594B4FF /* Paths.swift */; };
		4938DA2825326DF3B304C5C4 /* (null) in Resources */ = {isa = PBXBuildFile; settings = {ATTRIBUTES = (CodeSignOnCopy, RemoveHeadersOnCopy, ); }; };
		4F77223A6B45AB29AD76B586 /* PackageFetcher.swift in Sources */ = {isa = PBXBuildFile; fileRef = 51154C606410C8B19556C18D /* PackageFetcher.swift */; };
		5DC5B2939C7FB74A8655B606 /* Subprocess.swift in Sources */ = {isa = PBXBuildFile; fileRef = 17110BF276D8FFBDC908BC32 /* Subprocess.swift */; };
		90A4D190A38226018B3C7EC6 /* MacsteamConfig.swift in Sources */ = {isa = PBXBuildFile; fileRef = F725E77B4613A570D32F59FF /* MacsteamConfig.swift */; };
		95CB2D4FD35820C8E0BDEAF1 /* ConfigStore.swift in Sources */ = {isa = PBXBuildFile; fileRef = 903CE5FAC2DFF34ABE9C992A /* ConfigStore.swift */; };
		9B3724786DA3F6A0A5680A1D /* SteamInstaller.swift in Sources */ = {isa = PBXBuildFile; fileRef = 6D7294804272AFFDEF86E5EF /* SteamInstaller.swift */; };
		9CE8261F20C2725124C794A6 /* RepairViewController.swift in Sources */ = {isa = PBXBuildFile; fileRef = ED9C4BCECFB3EEEE8981243C /* RepairViewController.swift */; };
		B4DD3956CFABEFD36653E4B4 /* ConfigViewController.swift in Sources */ = {isa = PBXBuildFile; fileRef = FB775E8332709FBB761A68AB /* ConfigViewController.swift */; };
		BAB300C772084F35C44A0525 /* ImportViewController.swift in Sources */ = {isa = PBXBuildFile; fileRef = 1035A226D59181C9B97FB634 /* ImportViewController.swift */; };
		BEC5A3D01AC72E63330D7BA4 /* ImportDropViews.swift in Sources */ = {isa = PBXBuildFile; fileRef = B1A8858DD3858C37AD23F2A9 /* ImportDropViews.swift */; };
		C6A06F1BBC9BE4EAF106ECB3 /* Sparkle in Frameworks */ = {isa = PBXBuildFile; productRef = 41172064FBD70D28840A9DE0 /* Sparkle */; };
		C6C8555768D5266BC25C3C6A /* AppDelegate.swift in Sources */ = {isa = PBXBuildFile; fileRef = 0AF53423D1C5852034F7E2BD /* AppDelegate.swift */; };
		CB9548875259704AEBC19330 /* InstallViewController.swift in Sources */ = {isa = PBXBuildFile; fileRef = EA329D034FBD1F6A47EF2FB0 /* InstallViewController.swift */; };
		D3ACBC8F91B77713DFE52F88 /* SidebarViewController.swift in Sources */ = {isa = PBXBuildFile; fileRef = 752BE70E2EB8396C53E8B095 /* SidebarViewController.swift */; };
		DDDFEB13CFE7D84D5538AE7A /* MacCrab.swift in Sources */ = {isa = PBXBuildFile; fileRef = 278D608A4C94651FCD5CC9D3 /* MacCrab.swift */; };
		E329E1FDCD5BA91A8A9D9B66 /* LuaManifest.swift in Sources */ = {isa = PBXBuildFile; fileRef = BD4C5C7602D5BB11A2FDECF9 /* LuaManifest.swift */; };
		E72923A58804C575A1EE3A08 /* main.swift in Sources */ = {isa = PBXBuildFile; fileRef = D8D0BD68B24BA51E2A42FDE9 /* main.swift */; };
/* End PBXBuildFile section */

/* Begin PBXContainerItemProxy section */
		D92B06AF7B58004E7D604CFC /* PBXContainerItemProxy */ = {
			isa = PBXContainerItemProxy;
			containerPortal = 8640518DAE0F0C3C3891B708 /* Project object */;
			proxyType = 1;
			remoteGlobalIDString = 92EDEE2F969684E0695DD67C;
			remoteInfo = "macsteam-dylib";
		};
/* End PBXContainerItemProxy section */

/* Begin PBXFileReference section */
		02BA9FF4940B7DBD215F9019 /* file.h */ = {isa = PBXFileReference; lastKnownFileType = sourcecode.c.h; path = file.h; sourceTree = "<group>"; };
		03DBFA78B30C32CEED2B9425 /* steam_types.h */ = {isa = PBXFileReference; lastKnownFileType = sourcecode.c.h; path = steam_types.h; sourceTree = "<group>"; };
		0775B2763552EDCF91EA2E8B /* ticket.h */ = {isa = PBXFileReference; lastKnownFileType = sourcecode.c.h; path = ticket.h; sourceTree = "<group>"; };
		0AF53423D1C5852034F7E2BD /* AppDelegate.swift */ = {isa = PBXFileReference; lastKnownFileType = sourcecode.swift; path = AppDelegate.swift; sourceTree = "<group>"; };
		0B35049B5E0AC70E90976A8E /* UpdaterManager.swift */ = {isa = PBXFileReference; lastKnownFileType = sourcecode.swift; path = UpdaterManager.swift; sourceTree = "<group>"; };
		0EFE126F003AF49D8F282503 /* stats_cache.h */ = {isa = PBXFileReference; lastKnownFileType = sourcecode.c.h; path = stats_cache.h; sourceTree = "<group>"; };
		1035A226D59181C9B97FB634 /* ImportViewController.swift */ = {isa = PBXFileReference; lastKnownFileType = sourcecode.swift; path = ImportViewController.swift; sourceTree = "<group>"; };
		10FC707F93D1015261FAECA4 /* stats_resolve_probe.c */ = {isa = PBXFileReference; lastKnownFileType = sourcecode.c.c; path = stats_resolve_probe.c; sourceTree = "<group>"; };
		17110BF276D8FFBDC908BC32 /* Subprocess.swift */ = {isa = PBXFileReference; lastKnownFileType = sourcecode.swift; path = Subprocess.swift; sourceTree = "<group>"; };
		189DFCF8994448D9223DF875 /* AppCardListView.swift */ = {isa = PBXFileReference; lastKnownFileType = sourcecode.swift; path = AppCardListView.swift; sourceTree = "<group>"; };
		1D804E349E9128911B8DCECD /* anchor_probe.c */ = {isa = PBXFileReference; lastKnownFileType = sourcecode.c.c; path = anchor_probe.c; sourceTree = "<group>"; };
		2487A27F2C4BDD0139EDDFBD /* config.h */ = {isa = PBXFileReference; lastKnownFileType = sourcecode.c.h; path = config.h; sourceTree = "<group>"; };
		2788DAF13536E636F2944149 /* sigdb.c */ = {isa = PBXFileReference; lastKnownFileType = sourcecode.c.c; path = sigdb.c; sourceTree = "<group>"; };
		278D608A4C94651FCD5CC9D3 /* MacCrab.swift */ = {isa = PBXFileReference; lastKnownFileType = sourcecode.swift; path = MacCrab.swift; sourceTree = "<group>"; };
		2B336303B6593BA24509A30F /* webpatch_probe.c */ = {isa = PBXFileReference; lastKnownFileType = sourcecode.c.c; path = webpatch_probe.c; sourceTree = "<group>"; };
		2CD26FB6DE970B37485791AE /* dlc.h */ = {isa = PBXFileReference; lastKnownFileType = sourcecode.c.h; path = dlc.h; sourceTree = "<group>"; };
		2D7C6B2A0D65DD618507FCE7 /* constants.h */ = {isa = PBXFileReference; lastKnownFileType = sourcecode.c.h; path = constants.h; sourceTree = "<group>"; };
		2D7F06564A6033FF0E165D7E /* stats_cache.c */ = {isa = PBXFileReference; lastKnownFileType = sourcecode.c.c; path = stats_cache.c; sourceTree = "<group>"; };
		30EE0F4DB320C0B76472FD41 /* hook_relaunch.c */ = {isa = PBXFileReference; lastKnownFileType = sourcecode.c.c; path = hook_relaunch.c; sourceTree = "<group>"; };
		339A17D85D89AFF61296E614 /* spawn_client.c */ = {isa = PBXFileReference; lastKnownFileType = sourcecode.c.c; path = spawn_client.c; sourceTree = "<group>"; };
		39606594953D55CF4263DAD1 /* license.c */ = {isa = PBXFileReference; lastKnownFileType = sourcecode.c.c; path = license.c; sourceTree = "<group>"; };
		39C1855AC1CD43DCD949A38E /* build.sh */ = {isa = PBXFileReference; lastKnownFileType = text.script.sh; path = build.sh; sourceTree = "<group>"; };
		3C4717BFBFF48D52335E4BD1 /* package.c */ = {isa = PBXFileReference; lastKnownFileType = sourcecode.c.c; path = package.c; sourceTree = "<group>"; };
		3CF2A7C4A4883FDA3A484541 /* resolver.h */ = {isa = PBXFileReference; lastKnownFileType = sourcecode.c.h; path = resolver.h; sourceTree = "<group>"; };
		3EC814AF19342E4DD03660CE /* config.c */ = {isa = PBXFileReference; lastKnownFileType = sourcecode.c.c; path = config.c; sourceTree = "<group>"; };
		3F7BBB1D5855E17D377848DB /* package.h */ = {isa = PBXFileReference; lastKnownFileType = sourcecode.c.h; path = package.h; sourceTree = "<group>"; };
		40E7147BBCD4C025DFC6E388 /* aob.c */ = {isa = PBXFileReference; lastKnownFileType = sourcecode.c.c; path = aob.c; sourceTree = "<group>"; };
		410992EEE19CD5F8217DC79C /* session.h */ = {isa = PBXFileReference; lastKnownFileType = sourcecode.c.h; path = session.h; sourceTree = "<group>"; };
		42032FC37947D4B92DC12DE3 /* anchor.h */ = {isa = PBXFileReference; lastKnownFileType = sourcecode.c.h; path = anchor.h; sourceTree = "<group>"; };
		444544E27FB73F0EC92152D6 /* license.h */ = {isa = PBXFileReference; lastKnownFileType = sourcecode.c.h; path = license.h; sourceTree = "<group>"; };
		4C3B1CF8DCCC7E041C9A699D /* MainViewController.swift */ = {isa = PBXFileReference; lastKnownFileType = sourcecode.swift; path = MainViewController.swift; sourceTree = "<group>"; };
		51154C606410C8B19556C18D /* PackageFetcher.swift */ = {isa = PBXFileReference; lastKnownFileType = sourcecode.swift; path = PackageFetcher.swift; sourceTree = "<group>"; };
		5C9E3BC3BDCAEA4BAEF59196 /* ticket.c */ = {isa = PBXFileReference; lastKnownFileType = sourcecode.c.c; path = ticket.c; sourceTree = "<group>"; };
		61BD281B836872479CC6B551 /* resolver.c */ = {isa = PBXFileReference; lastKnownFileType = sourcecode.c.c; path = resolver.c; sourceTree = "<group>"; };
		662D8C8E389091E1FEBC0285 /* ZipImporter.swift */ = {isa = PBXFileReference; lastKnownFileType = sourcecode.swift; path = ZipImporter.swift; sourceTree = "<group>"; };
		6B16D30717088C3E7124605C /* schema_owners.h */ = {isa = PBXFileReference; lastKnownFileType = sourcecode.c.h; path = schema_owners.h; sourceTree = "<group>"; };
		6D7294804272AFFDEF86E5EF /* SteamInstaller.swift */ = {isa = PBXFileReference; lastKnownFileType = sourcecode.swift; path = SteamInstaller.swift; sourceTree = "<group>"; };
		6EC79EE1F594D370DF523B99 /* Macsteam.app */ = {isa = PBXFileReference; explicitFileType = wrapper.application; includeInIndex = 0; path = Macsteam.app; sourceTree = BUILT_PRODUCTS_DIR; };
		716AF125EC92645AB01189FE /* reconcile.h */ = {isa = PBXFileReference; lastKnownFileType = sourcecode.c.h; path = reconcile.h; sourceTree = "<group>"; };
		74E9ACDE1B9955409A96B76A /* depot.h */ = {isa = PBXFileReference; lastKnownFileType = sourcecode.c.h; path = depot.h; sourceTree = "<group>"; };
		752BE70E2EB8396C53E8B095 /* SidebarViewController.swift */ = {isa = PBXFileReference; lastKnownFileType = sourcecode.swift; path = SidebarViewController.swift; sourceTree = "<group>"; };
		7D14C720EFDA44E4E3972527 /* config_probe.c */ = {isa = PBXFileReference; lastKnownFileType = sourcecode.c.c; path = config_probe.c; sourceTree = "<group>"; };
		837AF12554001F72AB3C3060 /* dlc.c */ = {isa = PBXFileReference; lastKnownFileType = sourcecode.c.c; path = dlc.c; sourceTree = "<group>"; };
		86592EA528C00BD6EBE651D3 /* hook_whatsnew.c */ = {isa = PBXFileReference; lastKnownFileType = sourcecode.c.c; path = hook_whatsnew.c; sourceTree = "<group>"; };
		876F1575738BDC963F4B010F /* hook_depot.c */ = {isa = PBXFileReference; lastKnownFileType = sourcecode.c.c; path = hook_depot.c; sourceTree = "<group>"; };
		89381332819B970C11716E37 /* sigdb.h */ = {isa = PBXFileReference; lastKnownFileType = sourcecode.c.h; path = sigdb.h; sourceTree = "<group>"; };
		8A21ECA29419772E6B0DDF0E /* hook_manifest.c */ = {isa = PBXFileReference; lastKnownFileType = sourcecode.c.c; path = hook_manifest.c; sourceTree = "<group>"; };
		8A975B6C9BEF693C9C640834 /* stub_x86_64.c */ = {isa = PBXFileReference; lastKnownFileType = sourcecode.c.c; path = stub_x86_64.c; sourceTree = "<group>"; };
		8B6116EC3DB0E96BFD97E71E /* log.h */ = {isa = PBXFileReference; lastKnownFileType = sourcecode.c.h; path = log.h; sourceTree = "<group>"; };
		8BFA2256C5E0B1D0BACD2DE3 /* Makefile */ = {isa = PBXFileReference; path = Makefile; sourceTree = "<group>"; };
		8E389131FAD1735A7D44C1AA /* hook_ticket.c */ = {isa = PBXFileReference; lastKnownFileType = sourcecode.c.c; path = hook_ticket.c; sourceTree = "<group>"; };
		903CE5FAC2DFF34ABE9C992A /* ConfigStore.swift */ = {isa = PBXFileReference; lastKnownFileType = sourcecode.swift; path = ConfigStore.swift; sourceTree = "<group>"; };
		9200F821833408FF5F7C5915 /* ctx.c */ = {isa = PBXFileReference; lastKnownFileType = sourcecode.c.c; path = ctx.c; sourceTree = "<group>"; };
		939AB583D5B425122E45C544 /* aob_probe.c */ = {isa = PBXFileReference; lastKnownFileType = sourcecode.c.c; path = aob_probe.c; sourceTree = "<group>"; };
		93DE17924F218DA47B8F2AD2 /* macSteam.app */ = {isa = PBXFileReference; lastKnownFileType = wrapper.application; path = macSteam.app; sourceTree = "<group>"; };
		94CAD8EC207DD6E316BC7317 /* depot.c */ = {isa = PBXFileReference; lastKnownFileType = sourcecode.c.c; path = depot.c; sourceTree = "<group>"; };
		96C35A928329C7496C0F8712 /* anchor.c */ = {isa = PBXFileReference; lastKnownFileType = sourcecode.c.c; path = anchor.c; sourceTree = "<group>"; };
		9ADFBAEE4BF0B1B244DF7CBE /* macSteam */ = {isa = PBXFileReference; path = macSteam; sourceTree = "<group>"; };
		9CB1C6C4E7B1968453AF4E04 /* hook_dlc.c */ = {isa = PBXFileReference; lastKnownFileType = sourcecode.c.c; path = hook_dlc.c; sourceTree = "<group>"; };
		9CD6F01B3FC167D2E4913CBA /* StepFailure.swift */ = {isa = PBXFileReference; lastKnownFileType = sourcecode.swift; path = StepFailure.swift; sourceTree = "<group>"; };
		A0B8F422D587B1FD6C261D53 /* apps.h */ = {isa = PBXFileReference; lastKnownFileType = sourcecode.c.h; path = apps.h; sourceTree = "<group>"; };
		A1080EBDD59AAACA5C0A567E /* schema_owners.c */ = {isa = PBXFileReference; lastKnownFileType = sourcecode.c.c; path = schema_owners.c; sourceTree = "<group>"; };
		A2D04BC391E61B91B06B5559 /* hooks.h */ = {isa = PBXFileReference; lastKnownFileType = sourcecode.c.h; path = hooks.h; sourceTree = "<group>"; };
		A4C41DF1AD1F641B9C00E549 /* aob.h */ = {isa = PBXFileReference; lastKnownFileType = sourcecode.c.h; path = aob.h; sourceTree = "<group>"; };
		AAE1489CD1A66BA0F384DCA4 /* macho.h */ = {isa = PBXFileReference; lastKnownFileType = sourcecode.c.h; path = macho.h; sourceTree = "<group>"; };
		AE68CD9D365A42039050E4F0 /* macSteam.icns */ = {isa = PBXFileReference; lastKnownFileType = image.icns; path = macSteam.icns; sourceTree = "<group>"; };
		AF6C1A74265330CEBB467077 /* hook_apps.c */ = {isa = PBXFileReference; lastKnownFileType = sourcecode.c.c; path = hook_apps.c; sourceTree = "<group>"; };
		B1A8858DD3858C37AD23F2A9 /* ImportDropViews.swift */ = {isa = PBXFileReference; lastKnownFileType = sourcecode.swift; path = ImportDropViews.swift; sourceTree = "<group>"; };
		B22A1DE83F5FBF0A4004D88D /* SteamStoreClient.swift */ = {isa = PBXFileReference; lastKnownFileType = sourcecode.swift; path = SteamStoreClient.swift; sourceTree = "<group>"; };
		B32DB06826EE4645EF442E0F /* macho.c */ = {isa = PBXFileReference; lastKnownFileType = sourcecode.c.c; path = macho.c; sourceTree = "<group>"; };
		B6A23E431A37D8D8DC498D05 /* file.c */ = {isa = PBXFileReference; lastKnownFileType = sourcecode.c.c; path = file.c; sourceTree = "<group>"; };
		B70CFC9693D9732EB3041ECC /* hex.c */ = {isa = PBXFileReference; lastKnownFileType = sourcecode.c.c; path = hex.c; sourceTree = "<group>"; };
		B9610C69612C8884479522AA /* hooks.c */ = {isa = PBXFileReference; lastKnownFileType = sourcecode.c.c; path = hooks.c; sourceTree = "<group>"; };
		B961D6E9C6BE1545FFF6F7DE /* session.c */ = {isa = PBXFileReference; lastKnownFileType = sourcecode.c.c; path = session.c; sourceTree = "<group>"; };
		BC7F9E7C2E5548DF28E74076 /* hook_license.c */ = {isa = PBXFileReference; lastKnownFileType = sourcecode.c.c; path = hook_license.c; sourceTree = "<group>"; };
		BD4C5C7602D5BB11A2FDECF9 /* LuaManifest.swift */ = {isa = PBXFileReference; lastKnownFileType = sourcecode.swift; path = LuaManifest.swift; sourceTree = "<group>"; };
		C0D8696A498BDB94DF40E2B5 /* Makefile */ = {isa = PBXFileReference; path = Makefile; sourceTree = "<group>"; };
		C901772F1F2152D0F4A510FA /* hex.h */ = {isa = PBXFileReference; lastKnownFileType = sourcecode.c.h; path = hex.h; sourceTree = "<group>"; };
		CA713A95B53A14A4E5B8077A /* DesignSystem.swift */ = {isa = PBXFileReference; lastKnownFileType = sourcecode.swift; path = DesignSystem.swift; sourceTree = "<group>"; };
		CBFF5425A91A8227C1E5C649 /* GameReviewCell.swift */ = {isa = PBXFileReference; lastKnownFileType = sourcecode.swift; path = GameReviewCell.swift; sourceTree = "<group>"; };
		CF10CE7907305E518E936622 /* PackageServer.swift */ = {isa = PBXFileReference; lastKnownFileType = sourcecode.swift; path = PackageServer.swift; sourceTree = "<group>"; };
		D8D0BD68B24BA51E2A42FDE9 /* main.swift */ = {isa = PBXFileReference; lastKnownFileType = sourcecode.swift; path = main.swift; sourceTree = "<group>"; };
		D95B81BBDE522D1F417F3599 /* hook_stats.c */ = {isa = PBXFileReference; lastKnownFileType = sourcecode.c.c; path = hook_stats.c; sourceTree = "<group>"; };
		DB16123FC5500F4323CB5F70 /* loader.c */ = {isa = PBXFileReference; lastKnownFileType = sourcecode.c.c; path = loader.c; sourceTree = "<group>"; };
		DC29ED53A77D88C3772FE750 /* SteamBundleInstaller.swift */ = {isa = PBXFileReference; lastKnownFileType = sourcecode.swift; path = SteamBundleInstaller.swift; sourceTree = "<group>"; };
		E2F527C859C2B5BCB42EDD0C /* hook_package.c */ = {isa = PBXFileReference; lastKnownFileType = sourcecode.c.c; path = hook_package.c; sourceTree = "<group>"; };
		EA329D034FBD1F6A47EF2FB0 /* InstallViewController.swift */ = {isa = PBXFileReference; lastKnownFileType = sourcecode.swift; path = InstallViewController.swift; sourceTree = "<group>"; };
		ED9C4BCECFB3EEEE8981243C /* RepairViewController.swift */ = {isa = PBXFileReference; lastKnownFileType = sourcecode.swift; path = RepairViewController.swift; sourceTree = "<group>"; };
		F279B8792535DE812DA27E7A /* version.h */ = {isa = PBXFileReference; lastKnownFileType = sourcecode.c.h; path = version.h; sourceTree = "<group>"; };
		F2CA924DCA32509E3A64D778 /* apps.c */ = {isa = PBXFileReference; lastKnownFileType = sourcecode.c.c; path = apps.c; sourceTree = "<group>"; };
		F5384176F2D8EFBB6C1ABAFC /* ctx.h */ = {isa = PBXFileReference; lastKnownFileType = sourcecode.c.h; path = ctx.h; sourceTree = "<group>"; };
		F69E282893128DA01594B4FF /* Paths.swift */ = {isa = PBXFileReference; lastKnownFileType = sourcecode.swift; path = Paths.swift; sourceTree = "<group>"; };
		F6E121533D3A1244B6A929A8 /* reconcile.c */ = {isa = PBXFileReference; lastKnownFileType = sourcecode.c.c; path = reconcile.c; sourceTree = "<group>"; };
		F725E77B4613A570D32F59FF /* MacsteamConfig.swift */ = {isa = PBXFileReference; lastKnownFileType = sourcecode.swift; path = MacsteamConfig.swift; sourceTree = "<group>"; };
		FB5E1ECB5A1321179A6C2267 /* log.c */ = {isa = PBXFileReference; lastKnownFileType = sourcecode.c.c; path = log.c; sourceTree = "<group>"; };
		FB775E8332709FBB761A68AB /* ConfigViewController.swift */ = {isa = PBXFileReference; lastKnownFileType = sourcecode.swift; path = ConfigViewController.swift; sourceTree = "<group>"; };
		FD2A14FC07A01E3E8371C2AF /* Info.plist */ = {isa = PBXFileReference; lastKnownFileType = text.plist; path = Info.plist; sourceTree = "<group>"; };
/* End PBXFileReference section */

/* Begin PBXFrameworksBuildPhase section */
		54C2B4D050DCC21BE9A6A01B /* Frameworks */ = {
			isa = PBXFrameworksBuildPhase;
			buildActionMask = 2147483647;
			files = (
				C6A06F1BBC9BE4EAF106ECB3 /* Sparkle in Frameworks */,
			);
			runOnlyForDeploymentPostprocessing = 0;
		};
/* End PBXFrameworksBuildPhase section */

/* Begin PBXGroup section */
		2394A98E4A6E48BDDE40E463 /* feats */ = {
			isa = PBXGroup;
			children = (
				F2CA924DCA32509E3A64D778 /* apps.c */,
				A0B8F422D587B1FD6C261D53 /* apps.h */,
				94CAD8EC207DD6E316BC7317 /* depot.c */,
				74E9ACDE1B9955409A96B76A /* depot.h */,
				837AF12554001F72AB3C3060 /* dlc.c */,
				2CD26FB6DE970B37485791AE /* dlc.h */,
				39606594953D55CF4263DAD1 /* license.c */,
				444544E27FB73F0EC92152D6 /* license.h */,
				3C4717BFBFF48D52335E4BD1 /* package.c */,
				3F7BBB1D5855E17D377848DB /* package.h */,
				A1080EBDD59AAACA5C0A567E /* schema_owners.c */,
				6B16D30717088C3E7124605C /* schema_owners.h */,
				5C9E3BC3BDCAEA4BAEF59196 /* ticket.c */,
				0775B2763552EDCF91EA2E8B /* ticket.h */,
			);
			path = feats;
			sourceTree = "<group>";
		};
		462C55FBE5E9DC284ED91D6D /* scripts */ = {
			isa = PBXGroup;
			children = (
				39C1855AC1CD43DCD949A38E /* build.sh */,
			);
			path = scripts;
			sourceTree = "<group>";
		};
		4BA6FD345B8A1344B422D880 /* tests */ = {
			isa = PBXGroup;
			children = (
				1D804E349E9128911B8DCECD /* anchor_probe.c */,
				939AB583D5B425122E45C544 /* aob_probe.c */,
				7D14C720EFDA44E4E3972527 /* config_probe.c */,
				10FC707F93D1015261FAECA4 /* stats_resolve_probe.c */,
				2B336303B6593BA24509A30F /* webpatch_probe.c */,
			);
			path = tests;
			sourceTree = "<group>";
		};
		5383426282C181A072012115 /* Products */ = {
			isa = PBXGroup;
			children = (
				6EC79EE1F594D370DF523B99 /* Macsteam.app */,
			);
			name = Products;
			sourceTree = "<group>";
		};
		73442B82893D21F2D927F7EB /* resolver */ = {
			isa = PBXGroup;
			children = (
				96C35A928329C7496C0F8712 /* anchor.c */,
				42032FC37947D4B92DC12DE3 /* anchor.h */,
				40E7147BBCD4C025DFC6E388 /* aob.c */,
				A4C41DF1AD1F641B9C00E549 /* aob.h */,
				61BD281B836872479CC6B551 /* resolver.c */,
				3CF2A7C4A4883FDA3A484541 /* resolver.h */,
				2788DAF13536E636F2944149 /* sigdb.c */,
				89381332819B970C11716E37 /* sigdb.h */,
			);
			path = resolver;
			sourceTree = "<group>";
		};
		78085BBFB8E6A5A2ED5527A0 /* build */ = {
			isa = PBXGroup;
			children = (
				9ADFBAEE4BF0B1B244DF7CBE /* macSteam */,
				93DE17924F218DA47B8F2AD2 /* macSteam.app */,
			);
			path = build;
			sourceTree = "<group>";
		};
		80C3121E03FC8DB5D499A191 /* src */ = {
			isa = PBXGroup;
			children = (
				2D7C6B2A0D65DD618507FCE7 /* constants.h */,
				03DBFA78B30C32CEED2B9425 /* steam_types.h */,
				8A975B6C9BEF693C9C640834 /* stub_x86_64.c */,
				F279B8792535DE812DA27E7A /* version.h */,
				AA08CC612833F125660F0D2A /* config */,
				F2E654DA4BC69EC27460187A /* core */,
				2394A98E4A6E48BDDE40E463 /* feats */,
				C53E8C12CD3B84903590084C /* hooks */,
				73442B82893D21F2D927F7EB /* resolver */,
				95E6B534445C40AA9B717501 /* util */,
			);
			path = src;
			sourceTree = "<group>";
		};
		811E7F24CC451AA20D7E8646 /* Sources */ = {
			isa = PBXGroup;
			children = (
				DFCE12C6BDCD23268F044647 /* MacsteamApp */,
			);
			path = Sources;
			sourceTree = "<group>";
		};
		95E6B534445C40AA9B717501 /* util */ = {
			isa = PBXGroup;
			children = (
				B6A23E431A37D8D8DC498D05 /* file.c */,
				02BA9FF4940B7DBD215F9019 /* file.h */,
				B70CFC9693D9732EB3041ECC /* hex.c */,
				C901772F1F2152D0F4A510FA /* hex.h */,
				FB5E1ECB5A1321179A6C2267 /* log.c */,
				8B6116EC3DB0E96BFD97E71E /* log.h */,
			);
			path = util;
			sourceTree = "<group>";
		};
		A02EEB65A5B5E119FB83B079 = {
			isa = PBXGroup;
			children = (
				8BFA2256C5E0B1D0BACD2DE3 /* Makefile */,
				AEA70D14CF9AB90F16EC75C2 /* launcher */,
				B4577B57EDEAF95AA2FA861D /* macsteam-app */,
				462C55FBE5E9DC284ED91D6D /* scripts */,
				80C3121E03FC8DB5D499A191 /* src */,
				4BA6FD345B8A1344B422D880 /* tests */,
				5383426282C181A072012115 /* Products */,
			);
			sourceTree = "<group>";
		};
		AA08CC612833F125660F0D2A /* config */ = {
			isa = PBXGroup;
			children = (
				3EC814AF19342E4DD03660CE /* config.c */,
				2487A27F2C4BDD0139EDDFBD /* config.h */,
			);
			path = config;
			sourceTree = "<group>";
		};
		AEA70D14CF9AB90F16EC75C2 /* launcher */ = {
			isa = PBXGroup;
			children = (
				FD2A14FC07A01E3E8371C2AF /* Info.plist */,
				AE68CD9D365A42039050E4F0 /* macSteam.icns */,
				C0D8696A498BDB94DF40E2B5 /* Makefile */,
				339A17D85D89AFF61296E614 /* spawn_client.c */,
				78085BBFB8E6A5A2ED5527A0 /* build */,
			);
			path = launcher;
			sourceTree = "<group>";
		};
		B4577B57EDEAF95AA2FA861D /* macsteam-app */ = {
			isa = PBXGroup;
			children = (
				811E7F24CC451AA20D7E8646 /* Sources */,
			);
			path = "macsteam-app";
			sourceTree = "<group>";
		};
		C53E8C12CD3B84903590084C /* hooks */ = {
			isa = PBXGroup;
			children = (
				AF6C1A74265330CEBB467077 /* hook_apps.c */,
				876F1575738BDC963F4B010F /* hook_depot.c */,
				9CB1C6C4E7B1968453AF4E04 /* hook_dlc.c */,
				BC7F9E7C2E5548DF28E74076 /* hook_license.c */,
				8A21ECA29419772E6B0DDF0E /* hook_manifest.c */,
				E2F527C859C2B5BCB42EDD0C /* hook_package.c */,
				30EE0F4DB320C0B76472FD41 /* hook_relaunch.c */,
				D95B81BBDE522D1F417F3599 /* hook_stats.c */,
				8E389131FAD1735A7D44C1AA /* hook_ticket.c */,
				86592EA528C00BD6EBE651D3 /* hook_whatsnew.c */,
				B9610C69612C8884479522AA /* hooks.c */,
				A2D04BC391E61B91B06B5559 /* hooks.h */,
			);
			path = hooks;
			sourceTree = "<group>";
		};
		DFCE12C6BDCD23268F044647 /* MacsteamApp */ = {
			isa = PBXGroup;
			children = (
				189DFCF8994448D9223DF875 /* AppCardListView.swift */,
				0AF53423D1C5852034F7E2BD /* AppDelegate.swift */,
				903CE5FAC2DFF34ABE9C992A /* ConfigStore.swift */,
				FB775E8332709FBB761A68AB /* ConfigViewController.swift */,
				CA713A95B53A14A4E5B8077A /* DesignSystem.swift */,
				CBFF5425A91A8227C1E5C649 /* GameReviewCell.swift */,
				B1A8858DD3858C37AD23F2A9 /* ImportDropViews.swift */,
				1035A226D59181C9B97FB634 /* ImportViewController.swift */,
				EA329D034FBD1F6A47EF2FB0 /* InstallViewController.swift */,
				BD4C5C7602D5BB11A2FDECF9 /* LuaManifest.swift */,
				278D608A4C94651FCD5CC9D3 /* MacCrab.swift */,
				F725E77B4613A570D32F59FF /* MacsteamConfig.swift */,
				D8D0BD68B24BA51E2A42FDE9 /* main.swift */,
				4C3B1CF8DCCC7E041C9A699D /* MainViewController.swift */,
				51154C606410C8B19556C18D /* PackageFetcher.swift */,
				CF10CE7907305E518E936622 /* PackageServer.swift */,
				F69E282893128DA01594B4FF /* Paths.swift */,
				ED9C4BCECFB3EEEE8981243C /* RepairViewController.swift */,
				752BE70E2EB8396C53E8B095 /* SidebarViewController.swift */,
				DC29ED53A77D88C3772FE750 /* SteamBundleInstaller.swift */,
				6D7294804272AFFDEF86E5EF /* SteamInstaller.swift */,
				B22A1DE83F5FBF0A4004D88D /* SteamStoreClient.swift */,
				9CD6F01B3FC167D2E4913CBA /* StepFailure.swift */,
				17110BF276D8FFBDC908BC32 /* Subprocess.swift */,
				0B35049B5E0AC70E90976A8E /* UpdaterManager.swift */,
				662D8C8E389091E1FEBC0285 /* ZipImporter.swift */,
			);
			path = MacsteamApp;
			sourceTree = "<group>";
		};
		F2E654DA4BC69EC27460187A /* core */ = {
			isa = PBXGroup;
			children = (
				9200F821833408FF5F7C5915 /* ctx.c */,
				F5384176F2D8EFBB6C1ABAFC /* ctx.h */,
				DB16123FC5500F4323CB5F70 /* loader.c */,
				B32DB06826EE4645EF442E0F /* macho.c */,
				AAE1489CD1A66BA0F384DCA4 /* macho.h */,
				F6E121533D3A1244B6A929A8 /* reconcile.c */,
				716AF125EC92645AB01189FE /* reconcile.h */,
				B961D6E9C6BE1545FFF6F7DE /* session.c */,
				410992EEE19CD5F8217DC79C /* session.h */,
				2D7F06564A6033FF0E165D7E /* stats_cache.c */,
				0EFE126F003AF49D8F282503 /* stats_cache.h */,
			);
			path = core;
			sourceTree = "<group>";
		};
/* End PBXGroup section */

/* Begin PBXLegacyTarget section */
		92EDEE2F969684E0695DD67C /* macsteam-dylib */ = {
			isa = PBXLegacyTarget;
			buildArgumentsString = "-i PATH=/usr/bin:/bin:/usr/sbin:/sbin:/opt/homebrew/bin HOME=$HOME /bin/sh $SRCROOT/scripts/build.sh";
			buildConfigurationList = 6735284E198AD22E0C6A0390 /* Build configuration list for PBXLegacyTarget "macsteam-dylib" */;
			buildPhases = (
				26E13D4B60BEAECEF3E86346 /* Sources */,
			);
			buildToolPath = /usr/bin/env;
			buildWorkingDirectory = $SRCROOT;
			dependencies = (
			);
			name = "macsteam-dylib";
			packageProductDependencies = (
			);
			passBuildSettingsInEnvironment = 0;
			productName = "macsteam-dylib";
		};
		EBA66FA3140C71C456BA1FB3 /* macsteam-launcher */ = {
			isa = PBXLegacyTarget;
			buildArgumentsString = "-i PATH=/usr/bin:/bin:/usr/sbin:/sbin:/opt/homebrew/bin HOME=$HOME /usr/bin/make -C $SRCROOT/launcher app";
			buildConfigurationList = 9D7AC1EB715F9962B9AC447F /* Build configuration list for PBXLegacyTarget "macsteam-launcher" */;
			buildPhases = (
				FEE17831FD554F805BF780C4 /* Sources */,
			);
			buildToolPath = /usr/bin/env;
			buildWorkingDirectory = $SRCROOT/launcher;
			dependencies = (
			);
			name = "macsteam-launcher";
			packageProductDependencies = (
			);
			passBuildSettingsInEnvironment = 0;
			productName = "macsteam-launcher";
		};
/* End PBXLegacyTarget section */

/* Begin PBXNativeTarget section */
		D45A0E1E8EC1745B253C0753 /* MacsteamApp */ = {
			isa = PBXNativeTarget;
			buildConfigurationList = 3EA005ECDF455DCF90CA1C53 /* Build configuration list for PBXNativeTarget "MacsteamApp" */;
			buildPhases = (
				AE78DC61EBE204677CBD01EF /* Sources */,
				D8653040DE87F8BF7B08662D /* Embed payload, signatures, and icon */,
				2D02E89B7E7748280FE386D2 /* Resources */,
				54C2B4D050DCC21BE9A6A01B /* Frameworks */,
			);
			buildRules = (
			);
			dependencies = (
				877AAF0E51E023F7FE30DA9E /* PBXTargetDependency */,
			);
			name = MacsteamApp;
			packageProductDependencies = (
				41172064FBD70D28840A9DE0 /* Sparkle */,
			);
			productName = MacsteamApp;
			productReference = 6EC79EE1F594D370DF523B99 /* Macsteam.app */;
			productType = "com.apple.product-type.application";
		};
/* End PBXNativeTarget section */

/* Begin PBXProject section */
		8640518DAE0F0C3C3891B708 /* Project object */ = {
			isa = PBXProject;
			attributes = {
				BuildIndependentTargetsInParallel = YES;
				LastUpgradeCheck = 1430;
				TargetAttributes = {
					92EDEE2F969684E0695DD67C = {
						DevelopmentTeam = "";
						ProvisioningStyle = Manual;
					};
					D45A0E1E8EC1745B253C0753 = {
						DevelopmentTeam = "";
						ProvisioningStyle = Manual;
					};
					EBA66FA3140C71C456BA1FB3 = {
						DevelopmentTeam = "";
						ProvisioningStyle = Manual;
					};
				};
			};
			buildConfigurationList = B5F089DC615FF66EDED1F3AD /* Build configuration list for PBXProject "Macsteam" */;
			developmentRegion = en;
			hasScannedForEncodings = 0;
			knownRegions = (
				Base,
				en,
			);
			mainGroup = A02EEB65A5B5E119FB83B079;
			minimizedProjectReferenceProxies = 1;
			packageReferences = (
				0F2C68D1CDE57D015E7C7083 /* XCRemoteSwiftPackageReference "Sparkle" */,
			);
			preferredProjectObjectVersion = 77;
			productRefGroup = 5383426282C181A072012115 /* Products */;
			projectDirPath = "";
			projectRoot = "";
			targets = (
				D45A0E1E8EC1745B253C0753 /* MacsteamApp */,
				92EDEE2F969684E0695DD67C /* macsteam-dylib */,
				EBA66FA3140C71C456BA1FB3 /* macsteam-launcher */,
			);
		};
/* End PBXProject section */

/* Begin PBXResourcesBuildPhase section */
		2D02E89B7E7748280FE386D2 /* Resources */ = {
			isa = PBXResourcesBuildPhase;
			buildActionMask = 2147483647;
			files = (
				4938DA2825326DF3B304C5C4 /* (null) in Resources */,
			);
			runOnlyForDeploymentPostprocessing = 0;
		};
/* End PBXResourcesBuildPhase section */

/* Begin PBXShellScriptBuildPhase section */
		D8653040DE87F8BF7B08662D /* Embed payload, signatures, and icon */ = {
			isa = PBXShellScriptBuildPhase;
			alwaysOutOfDate = 1;
			buildActionMask = 2147483647;
			files = (
			);
			inputFileListPaths = (
			);
			inputPaths = (
			);
			name = "Embed payload, signatures, and icon";
			outputFileListPaths = (
			);
			outputPaths = (
			);
			runOnlyForDeploymentPostprocessing = 0;
			shellPath = /bin/sh;
			shellScript = "set -euo pipefail\nSRC=\"$SRCROOT/out/macsteam.dylib\"\nRES_DIR=\"$BUILT_PRODUCTS_DIR/$CONTENTS_FOLDER_PATH/Resources\"\nif [ ! -f \"$SRC\" ]; then\n  echo \"error: $SRC missing (macsteam-dylib target should have built it)\" >&2\n  exit 1\nfi\nmkdir -p \"$RES_DIR\"\ncp \"$SRC\" \"$RES_DIR/macsteam.dylib\"\necho \"embedded $SRC -> $RES_DIR/macsteam.dylib\"\n\nMS_VERSION=$(sed -n 's/.*MACSTEAM_VERSION[[:space:]]*\"\\(.*\\)\".*/\\1/p' \"$SRCROOT/src/version.h\")\nprintf '%s' \"$MS_VERSION\" > \"$RES_DIR/macsteam.dylib.version\"\n\nSIG_SRC=\"$SRCROOT/signatures\"\nif [ -d \"$SIG_SRC\" ]; then\n  rm -rf \"$RES_DIR/signatures\"\n  cp -R \"$SIG_SRC\" \"$RES_DIR/signatures\"\nelse\n  echo \"warning: $SIG_SRC missing -- hooks won't resolve without signatures\" >&2\nfi\n\nICON_SRC=\"$SRCROOT/macsteam-app/AppIcon.icns\"\nif [ -f \"$ICON_SRC\" ]; then\n  cp \"$ICON_SRC\" \"$RES_DIR/AppIcon.icns\"\nelse\n  echo \"warning: $ICON_SRC missing -- run make_app.sh once to generate it\" >&2\nfi\n";
		};
/* End PBXShellScriptBuildPhase section */

/* Begin PBXSourcesBuildPhase section */
		26E13D4B60BEAECEF3E86346 /* Sources */ = {
			isa = PBXSourcesBuildPhase;
			buildActionMask = 2147483647;
			files = (
			);
			runOnlyForDeploymentPostprocessing = 0;
		};
		AE78DC61EBE204677CBD01EF /* Sources */ = {
			isa = PBXSourcesBuildPhase;
			buildActionMask = 2147483647;
			files = (
				278FDA572C9F5AAC5B46DB17 /* AppCardListView.swift in Sources */,
				C6C8555768D5266BC25C3C6A /* AppDelegate.swift in Sources */,
				95CB2D4FD35820C8E0BDEAF1 /* ConfigStore.swift in Sources */,
				B4DD3956CFABEFD36653E4B4 /* ConfigViewController.swift in Sources */,
				0ADB1C9603F44951D9F03C48 /* DesignSystem.swift in Sources */,
				11F50264AF1768A2596E5D58 /* GameReviewCell.swift in Sources */,
				BEC5A3D01AC72E63330D7BA4 /* ImportDropViews.swift in Sources */,
				BAB300C772084F35C44A0525 /* ImportViewController.swift in Sources */,
				CB9548875259704AEBC19330 /* InstallViewController.swift in Sources */,
				E329E1FDCD5BA91A8A9D9B66 /* LuaManifest.swift in Sources */,
				DDDFEB13CFE7D84D5538AE7A /* MacCrab.swift in Sources */,
				90A4D190A38226018B3C7EC6 /* MacsteamConfig.swift in Sources */,
				0DE826FCF7922BF50EBFAE0C /* MainViewController.swift in Sources */,
				4F77223A6B45AB29AD76B586 /* PackageFetcher.swift in Sources */,
				0DF2544A2A562E04F001C975 /* PackageServer.swift in Sources */,
				39477E154A03C89EF9EA5042 /* Paths.swift in Sources */,
				9CE8261F20C2725124C794A6 /* RepairViewController.swift in Sources */,
				D3ACBC8F91B77713DFE52F88 /* SidebarViewController.swift in Sources */,
				1ED97326E624D8DF11E97EA8 /* SteamBundleInstaller.swift in Sources */,
				9B3724786DA3F6A0A5680A1D /* SteamInstaller.swift in Sources */,
				071881A12021FB821F1BC8C4 /* SteamStoreClient.swift in Sources */,
				0B2BC150C8706A443968C56D /* StepFailure.swift in Sources */,
				5DC5B2939C7FB74A8655B606 /* Subprocess.swift in Sources */,
				16D29F8D4E92296162760498 /* UpdaterManager.swift in Sources */,
				1594B0225BA15CD36DD86019 /* ZipImporter.swift in Sources */,
				E72923A58804C575A1EE3A08 /* main.swift in Sources */,
			);
			runOnlyForDeploymentPostprocessing = 0;
		};
		FEE17831FD554F805BF780C4 /* Sources */ = {
			isa = PBXSourcesBuildPhase;
			buildActionMask = 2147483647;
			files = (
			);
			runOnlyForDeploymentPostprocessing = 0;
		};
/* End PBXSourcesBuildPhase section */

/* Begin PBXTargetDependency section */
		877AAF0E51E023F7FE30DA9E /* PBXTargetDependency */ = {
			isa = PBXTargetDependency;
			target = 92EDEE2F969684E0695DD67C /* macsteam-dylib */;
			targetProxy = D92B06AF7B58004E7D604CFC /* PBXContainerItemProxy */;
		};
/* End PBXTargetDependency section */

/* Begin XCBuildConfiguration section */
		0E1C7E671A08FD6AEDBBB3B5 /* Release */ = {
			isa = XCBuildConfiguration;
			buildSettings = {
				ALWAYS_SEARCH_USER_PATHS = NO;
				CLANG_ANALYZER_NONNULL = YES;
				CLANG_ANALYZER_NUMBER_OBJECT_CONVERSION = YES_AGGRESSIVE;
				CLANG_CXX_LANGUAGE_STANDARD = "gnu++14";
				CLANG_CXX_LIBRARY = "libc++";
				CLANG_ENABLE_MODULES = YES;
				CLANG_ENABLE_OBJC_ARC = YES;
				CLANG_ENABLE_OBJC_WEAK = YES;
				CLANG_WARN_BLOCK_CAPTURE_AUTORELEASING = YES;
				CLANG_WARN_BOOL_CONVERSION = YES;
				CLANG_WARN_COMMA = YES;
				CLANG_WARN_CONSTANT_CONVERSION = YES;
				CLANG_WARN_DEPRECATED_OBJC_IMPLEMENTATIONS = YES;
				CLANG_WARN_DIRECT_OBJC_ISA_USAGE = YES_ERROR;
				CLANG_WARN_DOCUMENTATION_COMMENTS = YES;
				CLANG_WARN_EMPTY_BODY = YES;
				CLANG_WARN_ENUM_CONVERSION = YES;
				CLANG_WARN_INFINITE_RECURSION = YES;
				CLANG_WARN_INT_CONVERSION = YES;
				CLANG_WARN_NON_LITERAL_NULL_CONVERSION = YES;
				CLANG_WARN_OBJC_IMPLICIT_RETAIN_SELF = YES;
				CLANG_WARN_OBJC_LITERAL_CONVERSION = YES;
				CLANG_WARN_OBJC_ROOT_CLASS = YES_ERROR;
				CLANG_WARN_QUOTED_INCLUDE_IN_FRAMEWORK_HEADER = YES;
				CLANG_WARN_RANGE_LOOP_ANALYSIS = YES;
				CLANG_WARN_STRICT_PROTOTYPES = YES;
				CLANG_WARN_SUSPICIOUS_MOVE = YES;
				CLANG_WARN_UNGUARDED_AVAILABILITY = YES_AGGRESSIVE;
				CLANG_WARN_UNREACHABLE_CODE = YES;
				CLANG_WARN__DUPLICATE_METHOD_MATCH = YES;
				CODE_SIGN_IDENTITY = "-";
				CODE_SIGN_STYLE = Manual;
				COPY_PHASE_STRIP = NO;
				DEBUG_INFORMATION_FORMAT = "dwarf-with-dsym";
				DEVELOPMENT_TEAM = "";
				ENABLE_NS_ASSERTIONS = NO;
				ENABLE_STRICT_OBJC_MSGSEND = YES;
				GCC_C_LANGUAGE_STANDARD = gnu11;
				GCC_NO_COMMON_BLOCKS = YES;
				GCC_WARN_64_TO_32_BIT_CONVERSION = YES;
				GCC_WARN_ABOUT_RETURN_TYPE = YES_ERROR;
				GCC_WARN_UNDECLARED_SELECTOR = YES;
				GCC_WARN_UNINITIALIZED_AUTOS = YES_AGGRESSIVE;
				GCC_WARN_UNUSED_FUNCTION = YES;
				GCC_WARN_UNUSED_VARIABLE = YES;
				MACOSX_DEPLOYMENT_TARGET = 13.0;
				MTL_ENABLE_DEBUG_INFO = NO;
				MTL_FAST_MATH = YES;
				PRODUCT_NAME = "$(TARGET_NAME)";
				SDKROOT = macosx;
				SWIFT_COMPILATION_MODE = wholemodule;
				SWIFT_OPTIMIZATION_LEVEL = "-O";
				SWIFT_VERSION = 6.0;
			};
			name = Release;
		};
		1CF98172A5BE25878EDADD4F /* Release */ = {
			isa = XCBuildConfiguration;
			buildSettings = {
				COMBINE_HIDPI_IMAGES = YES;
				LD_RUNPATH_SEARCH_PATHS = (
					"$(inherited)",
					"@executable_path/../Frameworks",
				);
				PRODUCT_BUNDLE_IDENTIFIER = "com.macsteam.macsteam-dylib";
				SDKROOT = macosx;
			};
			name = Release;
		};
		56C1B8D006DD618B340B06E6 /* Debug */ = {
			isa = XCBuildConfiguration;
			buildSettings = {
				ASSETCATALOG_COMPILER_APPICON_NAME = "";
				COMBINE_HIDPI_IMAGES = YES;
				CURRENT_PROJECT_VERSION = 10;
				EXECUTABLE_NAME = MacsteamApp;
				GENERATE_INFOPLIST_FILE = NO;
				INFOPLIST_FILE = "macsteam-app/Info.plist";
				LD_RUNPATH_SEARCH_PATHS = (
					"$(inherited)",
					"@executable_path/../Frameworks",
				);
				MARKETING_VERSION = 0.7.1;
				PRODUCT_BUNDLE_IDENTIFIER = com.macsteam.app;
				PRODUCT_MODULE_NAME = MacsteamApp;
				PRODUCT_NAME = Macsteam;
				SDKROOT = macosx;
			};
			name = Debug;
		};
		7901457C6D459813D3F0EB65 /* Debug */ = {
			isa = XCBuildConfiguration;
			buildSettings = {
				ALWAYS_SEARCH_USER_PATHS = NO;
				CLANG_ANALYZER_NONNULL = YES;
				CLANG_ANALYZER_NUMBER_OBJECT_CONVERSION = YES_AGGRESSIVE;
				CLANG_CXX_LANGUAGE_STANDARD = "gnu++14";
				CLANG_CXX_LIBRARY = "libc++";
				CLANG_ENABLE_MODULES = YES;
				CLANG_ENABLE_OBJC_ARC = YES;
				CLANG_ENABLE_OBJC_WEAK = YES;
				CLANG_WARN_BLOCK_CAPTURE_AUTORELEASING = YES;
				CLANG_WARN_BOOL_CONVERSION = YES;
				CLANG_WARN_COMMA = YES;
				CLANG_WARN_CONSTANT_CONVERSION = YES;
				CLANG_WARN_DEPRECATED_OBJC_IMPLEMENTATIONS = YES;
				CLANG_WARN_DIRECT_OBJC_ISA_USAGE = YES_ERROR;
				CLANG_WARN_DOCUMENTATION_COMMENTS = YES;
				CLANG_WARN_EMPTY_BODY = YES;
				CLANG_WARN_ENUM_CONVERSION = YES;
				CLANG_WARN_INFINITE_RECURSION = YES;
				CLANG_WARN_INT_CONVERSION = YES;
				CLANG_WARN_NON_LITERAL_NULL_CONVERSION = YES;
				CLANG_WARN_OBJC_IMPLICIT_RETAIN_SELF = YES;
				CLANG_WARN_OBJC_LITERAL_CONVERSION = YES;
				CLANG_WARN_OBJC_ROOT_CLASS = YES_ERROR;
				CLANG_WARN_QUOTED_INCLUDE_IN_FRAMEWORK_HEADER = YES;
				CLANG_WARN_RANGE_LOOP_ANALYSIS = YES;
				CLANG_WARN_STRICT_PROTOTYPES = YES;
				CLANG_WARN_SUSPICIOUS_MOVE = YES;
				CLANG_WARN_UNGUARDED_AVAILABILITY = YES_AGGRESSIVE;
				CLANG_WARN_UNREACHABLE_CODE = YES;
				CLANG_WARN__DUPLICATE_METHOD_MATCH = YES;
				CODE_SIGN_IDENTITY = "-";
				CODE_SIGN_STYLE = Manual;
				COPY_PHASE_STRIP = NO;
				DEBUG_INFORMATION_FORMAT = dwarf;
				DEVELOPMENT_TEAM = "";
				ENABLE_STRICT_OBJC_MSGSEND = YES;
				ENABLE_TESTABILITY = YES;
				GCC_C_LANGUAGE_STANDARD = gnu11;
				GCC_DYNAMIC_NO_PIC = NO;
				GCC_NO_COMMON_BLOCKS = YES;
				GCC_OPTIMIZATION_LEVEL = 0;
				GCC_PREPROCESSOR_DEFINITIONS = (
					"$(inherited)",
					"DEBUG=1",
				);
				GCC_WARN_64_TO_32_BIT_CONVERSION = YES;
				GCC_WARN_ABOUT_RETURN_TYPE = YES_ERROR;
				GCC_WARN_UNDECLARED_SELECTOR = YES;
				GCC_WARN_UNINITIALIZED_AUTOS = YES_AGGRESSIVE;
				GCC_WARN_UNUSED_FUNCTION = YES;
				GCC_WARN_UNUSED_VARIABLE = YES;
				MACOSX_DEPLOYMENT_TARGET = 13.0;
				MTL_ENABLE_DEBUG_INFO = INCLUDE_SOURCE;
				MTL_FAST_MATH = YES;
				ONLY_ACTIVE_ARCH = YES;
				PRODUCT_NAME = "$(TARGET_NAME)";
				SDKROOT = macosx;
				SWIFT_ACTIVE_COMPILATION_CONDITIONS = DEBUG;
				SWIFT_OPTIMIZATION_LEVEL = "-Onone";
				SWIFT_VERSION = 6.0;
			};
			name = Debug;
		};
		E0BAAC4B7C2F40E4B91D305A /* Debug */ = {
			isa = XCBuildConfiguration;
			buildSettings = {
				COMBINE_HIDPI_IMAGES = YES;
				LD_RUNPATH_SEARCH_PATHS = (
					"$(inherited)",
					"@executable_path/../Frameworks",
				);
				PRODUCT_BUNDLE_IDENTIFIER = "com.macsteam.macsteam-dylib";
				SDKROOT = macosx;
			};
			name = Debug;
		};
		F06AE1C75EE38A72CC72EE02 /* Release */ = {
			isa = XCBuildConfiguration;
			buildSettings = {
				ASSETCATALOG_COMPILER_APPICON_NAME = "";
				COMBINE_HIDPI_IMAGES = YES;
				CURRENT_PROJECT_VERSION = 10;
				EXECUTABLE_NAME = MacsteamApp;
				GENERATE_INFOPLIST_FILE = NO;
				INFOPLIST_FILE = "macsteam-app/Info.plist";
				LD_RUNPATH_SEARCH_PATHS = (
					"$(inherited)",
					"@executable_path/../Frameworks",
				);
				MARKETING_VERSION = 0.7.1;
				PRODUCT_BUNDLE_IDENTIFIER = com.macsteam.app;
				PRODUCT_MODULE_NAME = MacsteamApp;
				PRODUCT_NAME = Macsteam;
				SDKROOT = macosx;
			};
			name = Release;
		};
		F6D4505500BF5BFFB7C4504D /* Release */ = {
			isa = XCBuildConfiguration;
			buildSettings = {
				COMBINE_HIDPI_IMAGES = YES;
				INFOPLIST_FILE = launcher/build/macSteam.app/Contents/Info.plist;
				LD_RUNPATH_SEARCH_PATHS = (
					"$(inherited)",
					"@executable_path/../Frameworks",
				);
				PRODUCT_BUNDLE_IDENTIFIER = "com.macsteam.macsteam-launcher";
				SDKROOT = macosx;
			};
			name = Release;
		};
		FA458D994C2BB520FA835942 /* Debug */ = {
			isa = XCBuildConfiguration;
			buildSettings = {
				COMBINE_HIDPI_IMAGES = YES;
				INFOPLIST_FILE = launcher/build/macSteam.app/Contents/Info.plist;
				LD_RUNPATH_SEARCH_PATHS = (
					"$(inherited)",
					"@executable_path/../Frameworks",
				);
				PRODUCT_BUNDLE_IDENTIFIER = "com.macsteam.macsteam-launcher";
				SDKROOT = macosx;
			};
			name = Debug;
		};
/* End XCBuildConfiguration section */

/* Begin XCConfigurationList section */
		3EA005ECDF455DCF90CA1C53 /* Build configuration list for PBXNativeTarget "MacsteamApp" */ = {
			isa = XCConfigurationList;
			buildConfigurations = (
				56C1B8D006DD618B340B06E6 /* Debug */,
				F06AE1C75EE38A72CC72EE02 /* Release */,
			);
			defaultConfigurationIsVisible = 0;
			defaultConfigurationName = Debug;
		};
		6735284E198AD22E0C6A0390 /* Build configuration list for PBXLegacyTarget "macsteam-dylib" */ = {
			isa = XCConfigurationList;
			buildConfigurations = (
				E0BAAC4B7C2F40E4B91D305A /* Debug */,
				1CF98172A5BE25878EDADD4F /* Release */,
			);
			defaultConfigurationIsVisible = 0;
			defaultConfigurationName = Debug;
		};
		9D7AC1EB715F9962B9AC447F /* Build configuration list for PBXLegacyTarget "macsteam-launcher" */ = {
			isa = XCConfigurationList;
			buildConfigurations = (
				FA458D994C2BB520FA835942 /* Debug */,
				F6D4505500BF5BFFB7C4504D /* Release */,
			);
			defaultConfigurationIsVisible = 0;
			defaultConfigurationName = Debug;
		};
		B5F089DC615FF66EDED1F3AD /* Build configuration list for PBXProject "Macsteam" */ = {
			isa = XCConfigurationList;
			buildConfigurations = (
				7901457C6D459813D3F0EB65 /* Debug */,
				0E1C7E671A08FD6AEDBBB3B5 /* Release */,
			);
			defaultConfigurationIsVisible = 0;
			defaultConfigurationName = Debug;
		};
/* End XCConfigurationList section */

/* Begin XCRemoteSwiftPackageReference section */
		0F2C68D1CDE57D015E7C7083 /* XCRemoteSwiftPackageReference "Sparkle" */ = {
			isa = XCRemoteSwiftPackageReference;
			repositoryURL = "https://github.com/sparkle-project/Sparkle";
			requirement = {
				kind = upToNextMajorVersion;
				minimumVersion = 2.9.6;
			};
		};
/* End XCRemoteSwiftPackageReference section */

/* Begin XCSwiftPackageProductDependency section */
		41172064FBD70D28840A9DE0 /* Sparkle */ = {
			isa = XCSwiftPackageProductDependency;
			package = 0F2C68D1CDE57D015E7C7083 /* XCRemoteSwiftPackageReference "Sparkle" */;
			productName = Sparkle;
		};
/* End XCSwiftPackageProductDependency section */
	};
	rootObject = 8640518DAE0F0C3C3891B708 /* Project object */;
}
